
Microsoft Visual Studio Solution File, Format Version 12.00
# Visual Studio Version 16
VisualStudioVersion = 16.0.29306.81
MinimumVisualStudioVersion = 10.0.40219.1
Project("{FAE04EC0-301F-11D3-BF4B-00C04F79EFBC}") = "GADE62111_2020_CharSheet", "GADE62111_2020_CharSheet\GADE62111_2020_CharSheet.csproj", "{EBD14CBE-1005-4EB0-AB3F-3637172D2BAF}"
EndProject
Global
	GlobalSection(SolutionConfigurationPlatforms) = preSolution
		Debug|Any CPU = Debug|Any CPU
		Release|Any CPU = Release|Any CPU
	EndGlobalSection
	GlobalSection(ProjectConfigurationPlatforms) = postSolution
		{EBD14CBE-1005-4EB0-AB3F-3637172D2BAF}.Debug|Any CPU.ActiveCfg = Debug|Any CPU
		{EBD14CBE-1005-4EB0-AB3F-3637172D2BAF}.Debug|Any CPU.Build.0 = Debug|Any CPU
		{EBD14CBE-1005-4EB0-AB3F-3637172D2BAF}.Release|Any CPU.ActiveCfg = Release|Any CPU
		{EBD14CBE-1005-4EB0-AB3F-3637172D2BAF}.Release|Any CPU.Build.0 = Release|Any CPU
	EndGlobalSection
	GlobalSection(SolutionProperties) = preSolution
		HideSolutionNode = FALSE
	EndGlobalSection
	GlobalSection(ExtensibilityGlobals) = postSolution
		SolutionGuid = {915F75E1-EE3F-42DC-9AF7-A2547935B43A}
	EndGlobalSection
EndGlobal
